{
  "version": "5",
  "specifiers": {
    "jsr:@std/assert@1": "1.0.19",
    "jsr:@std/internal@^1.0.10": "1.0.13",
    "jsr:@std/internal@^1.0.12": "1.0.13",
    "jsr:@std/path@1.1.2": "1.1.2"
  },
  "jsr": {
    "@std/assert@1.0.19": {
      "integrity": "eaada96ee120cb980bc47e040f82814d786fe8162ecc53c91d8df60b8755991e",
      "dependencies": [
        "jsr:@std/internal@^1.0.12"
      ]
    },
    "@std/internal@1.0.13": {
      "integrity": "2f9546691d4ac2d32859c82dff284aaeac980ddeca38430d07941e7e288725c0"
    },
    "@std/path@1.1.2": {
      "integrity": "c0b13b97dfe06546d5e16bf3966b1cadf92e1cc83e56ba5476ad8b498d9e3038",
      "dependencies": [
        "jsr:@std/internal@^1.0.10"
      ]
    }
  },
  "remote": {
    "https://cdn.skypack.dev/-/debug@v4.4.3-Brh22weuCvWY3rcSd25Q/dist=es2019,mode=imports/optimized/debug.js": "931098fa073c5244168f500d7eecf16557a6ff58fdefe079384f427b8d0ac915",
    "https://cdn.skypack.dev/-/ms@v2.1.3-dWyghJmVCt8Lp5D9h2ww/dist=es2019,mode=imports/optimized/ms.js": "fd88e2d51900437011f1ad232f3393ce97db1b87a7844b3c58dd6d65562c1276",
    "https://cdn.skypack.dev/debug@4.4.3": "4be25679f8af63e0d2f06afee7f8c1411f1c3144be3d3e96ab31e198e4a6d5cd",
    "https://deno.land/x/grammy@v1.42.0/bot.ts": "a59060a1e0dff59dee30c95ad51364960b87519d5c8daafb60223dc1c622853e",
    "https://deno.land/x/grammy@v1.42.0/composer.ts": "4fcfc5c5b68107c0e0f24a9b00a5f3cf8d4ed0adee964be17005d96782e09562",
    "https://deno.land/x/grammy@v1.42.0/context.ts": "947e5ed79ce05c11510ec058d9e273f35c2a9aab5bde22516afd7895be5b1cce",
    "https://deno.land/x/grammy@v1.42.0/convenience/constants.ts": "fa84e2bfe01299d52ec453a861184d90342931c8aee5eb082f83594e216673da",
    "https://deno.land/x/grammy@v1.42.0/convenience/frameworks.ts": "ea18d154dc09af1a485cd63dcdb6a1c9216e2e09eac9559553f9b6a642ce590f",
    "https://deno.land/x/grammy@v1.42.0/convenience/inline_query.ts": "6a397a9a8db7d38050b35966a3c01ba7e58a224b246a2646719f17478eda4d3e",
    "https://deno.land/x/grammy@v1.42.0/convenience/input_media.ts": "7af72a5fdb1af0417e31b1327003f536ddfdf64e06ab8bc7f5da6b574de38658",
    "https://deno.land/x/grammy@v1.42.0/convenience/keyboard.ts": "deb8403a6f3d106080651ef6f738490b6bc50713ae3fa5ac0fd50020873c70d0",
    "https://deno.land/x/grammy@v1.42.0/convenience/session.ts": "5e4b976528a0b3d7893645ac23e2e35e78671af578a3aed5efb4b621e7e9b6da",
    "https://deno.land/x/grammy@v1.42.0/convenience/webhook.ts": "d49c6be23398782670b1b03c84dfa64391686301640e2966b6dab5bba1537bf6",
    "https://deno.land/x/grammy@v1.42.0/core/api.ts": "452a3da959a6648e31b1d3cf986bc0f79724a8724e13e597ec3289ba580a943b",
    "https://deno.land/x/grammy@v1.42.0/core/client.ts": "81a92be6ab463df72882243c9690d84d46285bd11680e7a0d2e624944a092384",
    "https://deno.land/x/grammy@v1.42.0/core/error.ts": "9fd6695e201dc04a30e1688f65ab08729a1e821236a2322514f1e8763a03ad6e",
    "https://deno.land/x/grammy@v1.42.0/core/payload.ts": "5e27679acca66cbca981e2b77b206da3efe262f69d4638290b3567f514f50a0e",
    "https://deno.land/x/grammy@v1.42.0/filter.ts": "cbbefa37b6779eb56f19f876577ab0cf12360a23017f42413a07d327a2ef21d1",
    "https://deno.land/x/grammy@v1.42.0/mod.ts": "a973e356760eed1b58bc89280e6eb41bbdf74035f6348c08d6cebf50da1dac34",
    "https://deno.land/x/grammy@v1.42.0/platform.deno.ts": "bff65a7efb99b4645ad20d7c4041a61b7faf55b14261ee75363d9bd0c6d7ee8a",
    "https://deno.land/x/grammy@v1.42.0/types.deno.ts": "63654011f551fd6f59604a2c47a2e5a741d6b01a326e002efa071d8d6fa1e5ee",
    "https://deno.land/x/grammy@v1.42.0/types.ts": "729415590dfa188dbe924dea614dff4e976babdbabb28a307b869fc25777cdf0",
    "https://deno.land/x/grammy_types@v3.26.0/api.ts": "ae04d6628e3d25ae805bc07a19475065044fc44cde0a40877405bc3544d03a5f",
    "https://deno.land/x/grammy_types@v3.26.0/checklist.ts": "c8f5f0128ca96d8cc4c33b45040ea9436ecf92997d6f5a5e2fa6a85798f465d6",
    "https://deno.land/x/grammy_types@v3.26.0/inline.ts": "2d829b18a4cb65d111d1ad984db012b6d9e68f4cfa65349c31410dfc735e968b",
    "https://deno.land/x/grammy_types@v3.26.0/langs.ts": "5f5fd09c58ba3ae942dd7cea2696f95587d2032c1829bba4bca81762b7ef73b6",
    "https://deno.land/x/grammy_types@v3.26.0/manage.ts": "c9d864b70462cb3b2f8b90baa5ea04c212241e775d97a73ebac6657aee115af4",
    "https://deno.land/x/grammy_types@v3.26.0/markup.ts": "43704f4d52bc992c0133641123311173deded43a2b94ec7a6ac46772a435794e",
    "https://deno.land/x/grammy_types@v3.26.0/message.ts": "ff49dcc0cb6a78ae1d04b18668bbc27cbc805a287f0ab1537f5f7233ca493452",
    "https://deno.land/x/grammy_types@v3.26.0/methods.ts": "398eea6e36e3ad9b9f7320c1f00a97d722d73e132f0e839f6b3e705a1c68e7a9",
    "https://deno.land/x/grammy_types@v3.26.0/mod.ts": "73efb15e1fb664c99ea32fa707a8cd3ed5ff4a1e21fba2fe1ddc78bb476ef84d",
    "https://deno.land/x/grammy_types@v3.26.0/passport.ts": "19820e7d6c279521f8bc8912d6a378239f73d4ab525453808994b5f44ef95215",
    "https://deno.land/x/grammy_types@v3.26.0/payment.ts": "b47a6293b965bcd4105a0c542e00685eadcc081380c8c0d96ac240c63cf041e9",
    "https://deno.land/x/grammy_types@v3.26.0/settings.ts": "9de9c7a850ce2cd4066c09c8b617eda10c0146d67943ddb8b4a01ca79fafaacb",
    "https://deno.land/x/grammy_types@v3.26.0/story.ts": "f558c6e6054a43fa1403c2376f7c0b51e2138f4e0d13f0f6e870ffd1cd085ae2",
    "https://deno.land/x/grammy_types@v3.26.0/update.ts": "cbd541542c131ee275a874398b24874dd798fe18cb896440399a61b22246657e"
  },
  "workspace": {
    "dependencies": [
      "jsr:@std/assert@1"
    ]
  }
}
